{
  "name": "@workspace/goat-sdk/plugins/erc20",
  "version": "1.0.0",
  "lockfileVersion": 3,
  "requires": true,
  "packages": {
    "": {
      "name": "@workspace/goat-sdk/plugins/erc20",
      "version": "1.0.0",
      "dependencies": {
        "@goat-sdk/core": "^0.4.5",
        "@goat-sdk/wallet-evm": "^0.2.5",
        "viem": "^2.22.3",
        "zod": "^3.23.8"
      },
      "peerDependencies": {
        "@goat-sdk/core": "^0.4.5",
        "viem": "^2.22.3"
      }
    },
    "node_modules/@adraffy/ens-normalize": {
      "version": "1.11.0",
      "resolved": "https://registry.npmjs.org/@adraffy/ens-normalize/-/ens-normalize-1.11.0.tgz",
      "integrity": "sha512-/3DDPKHqqIqxUULp8yP4zODUY1i+2xvVWsv8A79xGWdCAG+8sb0hRh0Rk2QyOJUnnbyPUAZYcpBuRe3nS2OIUg==",
      "license": "MIT"
    },
    "node_modules/@goat-sdk/core": {
      "version": "0.4.6",
      "resolved": "https://registry.npmjs.org/@goat-sdk/core/-/core-0.4.6.tgz",
      "integrity": "sha512-jFk0G9d/WlR1juIhCKtgEr7HBi2v7/veqouP1Zm1KC6EU2bNHXMYrh2TkeO1wjep3ur1MK4DDY1c+rS4WSY/7g==",
      "license": "MIT",
      "dependencies": {
        "reflect-metadata": "0.2.2"
      },
      "peerDependencies": {
        "zod": "^3.0.0"
      }
    },
    "node_modules/@goat-sdk/wallet-evm": {
      "version": "0.2.6",
      "resolved": "https://registry.npmjs.org/@goat-sdk/wallet-evm/-/wallet-evm-0.2.6.tgz",
      "integrity": "sha512-KzC2jbfGi0CsVLLWyvxQheFWNuKMKiafgjyGVufK0j6aa0fY34tx4aTXka6yavY14fZDeZFlJmPAjzPhMZmXXA==",
      "license": "MIT",
      "dependencies": {
        "@goat-sdk/core": "0.4.6",
        "abitype": "^1.0.6",
        "viem": "2.21.49",
        "zod": "3.23.8"
      },
      "peerDependencies": {
        "@goat-sdk/core": "0.4.6"
      }
    },
    "node_modules/@goat-sdk/wallet-evm/node_modules/@noble/curves": {
      "version": "1.6.0",
      "resolved": "https://registry.npmjs.org/@noble/curves/-/curves-1.6.0.tgz",
      "integrity": "sha512-TlaHRXDehJuRNR9TfZDNQ45mMEd5dwUwmicsafcIX4SsNiqnCHKjE/1alYPd/lDRVhxdhUAlv8uEhMCI5zjIJQ==",
      "license": "MIT",
      "dependencies": {
        "@noble/hashes": "1.5.0"
      },
      "engines": {
        "node": "^14.21.3 || >=16"
      },
      "funding": {
        "url": "https://paulmillr.com/funding/"
      }
    },
    "node_modules/@goat-sdk/wallet-evm/node_modules/@noble/hashes": {
      "version": "1.5.0",
      "resolved": "https://registry.npmjs.org/@noble/hashes/-/hashes-1.5.0.tgz",
      "integrity": "sha512-1j6kQFb7QRru7eKN3ZDvRcP13rugwdxZqCjbiAVZfIJwgj2A65UmT4TgARXGlXgnRkORLTDTrO19ZErt7+QXgA==",
      "license": "MIT",
      "engines": {
        "node": "^14.21.3 || >=16"
      },
      "funding": {
        "url": "https://paulmillr.com/funding/"
      }
    },
    "node_modules/@goat-sdk/wallet-evm/node_modules/@scure/base": {
      "version": "1.1.9",
      "resolved": "https://registry.npmjs.org/@scure/base/-/base-1.1.9.tgz",
      "integrity": "sha512-8YKhl8GHiNI/pU2VMaofa2Tor7PJRAjwQLBBuilkJ9L5+13yVbC7JO/wS7piioAvPSwR3JKM1IJ/u4xQzbcXKg==",
      "license": "MIT",
      "funding": {
        "url": "https://paulmillr.com/funding/"
      }
    },
    "node_modules/@goat-sdk/wallet-evm/node_modules/@scure/bip32": {
      "version": "1.5.0",
      "resolved": "https://registry.npmjs.org/@scure/bip32/-/bip32-1.5.0.tgz",
      "integrity": "sha512-8EnFYkqEQdnkuGBVpCzKxyIwDCBLDVj3oiX0EKUFre/tOjL/Hqba1D6n/8RcmaQy4f95qQFrO2A8Sr6ybh4NRw==",
      "license": "MIT",
      "dependencies": {
        "@noble/curves": "~1.6.0",
        "@noble/hashes": "~1.5.0",
        "@scure/base": "~1.1.7"
      },
      "funding": {
        "url": "https://paulmillr.com/funding/"
      }
    },
    "node_modules/@goat-sdk/wallet-evm/node_modules/@scure/bip39": {
      "version": "1.4.0",
      "resolved": "https://registry.npmjs.org/@scure/bip39/-/bip39-1.4.0.tgz",
      "integrity": "sha512-BEEm6p8IueV/ZTfQLp/0vhw4NPnT9oWf5+28nvmeUICjP99f4vr2d+qc7AVGDDtwRep6ifR43Yed9ERVmiITzw==",
      "license": "MIT",
      "dependencies": {
        "@noble/hashes": "~1.5.0",
        "@scure/base": "~1.1.8"
      },
      "funding": {
        "url": "https://paulmillr.com/funding/"
      }
    },
    "node_modules/@goat-sdk/wallet-evm/node_modules/abitype": {
      "version": "1.0.6",
      "resolved": "https://registry.npmjs.org/abitype/-/abitype-1.0.6.tgz",
      "integrity": "sha512-MMSqYh4+C/aVqI2RQaWqbvI4Kxo5cQV40WQ4QFtDnNzCkqChm8MuENhElmynZlO0qUy/ObkEUaXtKqYnx1Kp3A==",
      "license": "MIT",
      "funding": {
        "url": "https://github.com/sponsors/wevm"
      },
      "peerDependencies": {
        "typescript": ">=5.0.4",
        "zod": "^3 >=3.22.0"
      },
      "peerDependenciesMeta": {
        "typescript": {
          "optional": true
        },
        "zod": {
          "optional": true
        }
      }
    },
    "node_modules/@goat-sdk/wallet-evm/node_modules/ox": {
      "version": "0.1.2",
      "resolved": "https://registry.npmjs.org/ox/-/ox-0.1.2.tgz",
      "integrity": "sha512-ak/8K0Rtphg9vnRJlbOdaX9R7cmxD2MiSthjWGaQdMk3D7hrAlDoM+6Lxn7hN52Za3vrXfZ7enfke/5WjolDww==",
      "funding": [
        {
          "type": "github",
          "url": "https://github.com/sponsors/wevm"
        }
      ],
      "license": "MIT",
      "dependencies": {
        "@adraffy/ens-normalize": "^1.10.1",
        "@noble/curves": "^1.6.0",
        "@noble/hashes": "^1.5.0",
        "@scure/bip32": "^1.5.0",
        "@scure/bip39": "^1.4.0",
        "abitype": "^1.0.6",
        "eventemitter3": "5.0.1"
      },
      "peerDependencies": {
        "typescript": ">=5.4.0"
      },
      "peerDependenciesMeta": {
        "typescript": {
          "optional": true
        }
      }
    },
    "node_modules/@goat-sdk/wallet-evm/node_modules/viem": {
      "version": "2.21.49",
      "resolved": "https://registry.npmjs.org/viem/-/viem-2.21.49.tgz",
      "integrity": "sha512-NNItYfTv4+yGE5DDKc+S/g2S7KeJn047GwgEYG60FAJlK0FzwuP6lQKSeQ8k7Y4VasfuKPqiT+XiilcCtTRiDQ==",
      "funding": [
        {
          "type": "github",
          "url": "https://github.com/sponsors/wevm"
        }
      ],
      "license": "MIT",
      "dependencies": {
        "@noble/curves": "1.6.0",
        "@noble/hashes": "1.5.0",
        "@scure/bip32": "1.5.0",
        "@scure/bip39": "1.4.0",
        "abitype": "1.0.6",
        "isows": "1.0.6",
        "ox": "0.1.2",
        "webauthn-p256": "0.0.10",
        "ws": "8.18.0"
      },
      "peerDependencies": {
        "typescript": ">=5.0.4"
      },
      "peerDependenciesMeta": {
        "typescript": {
          "optional": true
        }
      }
    },
    "node_modules/@goat-sdk/wallet-evm/node_modules/zod": {
      "version": "3.23.8",
      "resolved": "https://registry.npmjs.org/zod/-/zod-3.23.8.tgz",
      "integrity": "sha512-XBx9AXhXktjUqnepgTiE5flcKIYWi/rme0Eaj+5Y0lftuGBq+jyRu/md4WnuxqgP1ubdpNCsYEYPxrzVHD8d6g==",
      "license": "MIT",
      "funding": {
        "url": "https://github.com/sponsors/colinhacks"
      }
    },
    "node_modules/@noble/curves": {
      "version": "1.7.0",
      "resolved": "https://registry.npmjs.org/@noble/curves/-/curves-1.7.0.tgz",
      "integrity": "sha512-UTMhXK9SeDhFJVrHeUJ5uZlI6ajXg10O6Ddocf9S6GjbSBVZsJo88HzKwXznNfGpMTRDyJkqMjNDPYgf0qFWnw==",
      "license": "MIT",
      "dependencies": {
        "@noble/hashes": "1.6.0"
      },
      "engines": {
        "node": "^14.21.3 || >=16"
      },
      "funding": {
        "url": "https://paulmillr.com/funding/"
      }
    },
    "node_modules/@noble/curves/node_modules/@noble/hashes": {
      "version": "1.6.0",
      "resolved": "https://registry.npmjs.org/@noble/hashes/-/hashes-1.6.0.tgz",
      "integrity": "sha512-YUULf0Uk4/mAA89w+k3+yUYh6NrEvxZa5T6SY3wlMvE2chHkxFUUIDI8/XW1QSC357iA5pSnqt7XEhvFOqmDyQ==",
      "license": "MIT",
      "engines": {
        "node": "^14.21.3 || >=16"
      },
      "funding": {
        "url": "https://paulmillr.com/funding/"
      }
    },
    "node_modules/@noble/hashes": {
      "version": "1.6.1",
      "resolved": "https://registry.npmjs.org/@noble/hashes/-/hashes-1.6.1.tgz",
      "integrity": "sha512-pq5D8h10hHBjyqX+cfBm0i8JUXJ0UhczFc4r74zbuT9XgewFo2E3J1cOaGtdZynILNmQ685YWGzGE1Zv6io50w==",
      "license": "MIT",
      "engines": {
        "node": "^14.21.3 || >=16"
      },
      "funding": {
        "url": "https://paulmillr.com/funding/"
      }
    },
    "node_modules/@scure/base": {
      "version": "1.2.4",
      "resolved": "https://registry.npmjs.org/@scure/base/-/base-1.2.4.tgz",
      "integrity": "sha512-5Yy9czTO47mqz+/J8GM6GIId4umdCk1wc1q8rKERQulIoc8VP9pzDcghv10Tl2E7R96ZUx/PhND3ESYUQX8NuQ==",
      "license": "MIT",
      "funding": {
        "url": "https://paulmillr.com/funding/"
      }
    },
    "node_modules/@scure/bip32": {
      "version": "1.6.0",
      "resolved": "https://registry.npmjs.org/@scure/bip32/-/bip32-1.6.0.tgz",
      "integrity": "sha512-82q1QfklrUUdXJzjuRU7iG7D7XiFx5PHYVS0+oeNKhyDLT7WPqs6pBcM2W5ZdwOwKCwoE1Vy1se+DHjcXwCYnA==",
      "license": "MIT",
      "dependencies": {
        "@noble/curves": "~1.7.0",
        "@noble/hashes": "~1.6.0",
        "@scure/base": "~1.2.1"
      },
      "funding": {
        "url": "https://paulmillr.com/funding/"
      }
    },
    "node_modules/@scure/bip39": {
      "version": "1.5.0",
      "resolved": "https://registry.npmjs.org/@scure/bip39/-/bip39-1.5.0.tgz",
      "integrity": "sha512-Dop+ASYhnrwm9+HA/HwXg7j2ZqM6yk2fyLWb5znexjctFY3+E+eU8cIWI0Pql0Qx4hPZCijlGq4OL71g+Uz30A==",
      "license": "MIT",
      "dependencies": {
        "@noble/hashes": "~1.6.0",
        "@scure/base": "~1.2.1"
      },
      "funding": {
        "url": "https://paulmillr.com/funding/"
      }
    },
    "node_modules/abitype": {
      "version": "1.0.8",
      "resolved": "https://registry.npmjs.org/abitype/-/abitype-1.0.8.tgz",
      "integrity": "sha512-ZeiI6h3GnW06uYDLx0etQtX/p8E24UaHHBj57RSjK7YBFe7iuVn07EDpOeP451D06sF27VOz9JJPlIKJmXgkEg==",
      "license": "MIT",
      "funding": {
        "url": "https://github.com/sponsors/wevm"
      },
      "peerDependencies": {
        "typescript": ">=5.0.4",
        "zod": "^3 >=3.22.0"
      },
      "peerDependenciesMeta": {
        "typescript": {
          "optional": true
        },
        "zod": {
          "optional": true
        }
      }
    },
    "node_modules/eventemitter3": {
      "version": "5.0.1",
      "resolved": "https://registry.npmjs.org/eventemitter3/-/eventemitter3-5.0.1.tgz",
      "integrity": "sha512-GWkBvjiSZK87ELrYOSESUYeVIc9mvLLf/nXalMOS5dYrgZq9o5OVkbZAVM06CVxYsCwH9BDZFPlQTlPA1j4ahA==",
      "license": "MIT"
    },
    "node_modules/isows": {
      "version": "1.0.6",
      "resolved": "https://registry.npmjs.org/isows/-/isows-1.0.6.tgz",
      "integrity": "sha512-lPHCayd40oW98/I0uvgaHKWCSvkzY27LjWLbtzOm64yQ+G3Q5npjjbdppU65iZXkK1Zt+kH9pfegli0AYfwYYw==",
      "funding": [
        {
          "type": "github",
          "url": "https://github.com/sponsors/wevm"
        }
      ],
      "license": "MIT",
      "peerDependencies": {
        "ws": "*"
      }
    },
    "node_modules/ox": {
      "version": "0.6.5",
      "resolved": "https://registry.npmjs.org/ox/-/ox-0.6.5.tgz",
      "integrity": "sha512-vmnH8KvMDwFZDbNY1mq2CBRBWIgSliZB/dFV0xKp+DfF/dJkTENt6nmA+DzHSSAgL/GO2ydjkXWvlndJgSY4KQ==",
      "funding": [
        {
          "type": "github",
          "url": "https://github.com/sponsors/wevm"
        }
      ],
      "license": "MIT",
      "dependencies": {
        "@adraffy/ens-normalize": "^1.10.1",
        "@noble/curves": "^1.6.0",
        "@noble/hashes": "^1.5.0",
        "@scure/bip32": "^1.5.0",
        "@scure/bip39": "^1.4.0",
        "abitype": "^1.0.6",
        "eventemitter3": "5.0.1"
      },
      "peerDependencies": {
        "typescript": ">=5.4.0"
      },
      "peerDependenciesMeta": {
        "typescript": {
          "optional": true
        }
      }
    },
    "node_modules/reflect-metadata": {
      "version": "0.2.2",
      "resolved": "https://registry.npmjs.org/reflect-metadata/-/reflect-metadata-0.2.2.tgz",
      "integrity": "sha512-urBwgfrvVP/eAyXx4hluJivBKzuEbSQs9rKWCrCkbSxNv8mxPcUZKeuoF3Uy4mJl3Lwprp6yy5/39VWigZ4K6Q==",
      "license": "Apache-2.0"
    },
    "node_modules/viem": {
      "version": "2.22.11",
      "resolved": "https://registry.npmjs.org/viem/-/viem-2.22.11.tgz",
      "integrity": "sha512-r86JkRcE8GVTRKBZADkT01EbmIAkjqJE3xcgeIk1AznKYE/KQfuaki8vZwaOoqQd5jqVZ7m5kGtFFsRe6LEWrg==",
      "funding": [
        {
          "type": "github",
          "url": "https://github.com/sponsors/wevm"
        }
      ],
      "license": "MIT",
      "dependencies": {
        "@noble/curves": "1.7.0",
        "@noble/hashes": "1.6.1",
        "@scure/bip32": "1.6.0",
        "@scure/bip39": "1.5.0",
        "abitype": "1.0.7",
        "isows": "1.0.6",
        "ox": "0.6.5",
        "ws": "8.18.0"
      },
      "peerDependencies": {
        "typescript": ">=5.0.4"
      },
      "peerDependenciesMeta": {
        "typescript": {
          "optional": true
        }
      }
    },
    "node_modules/viem/node_modules/abitype": {
      "version": "1.0.7",
      "resolved": "https://registry.npmjs.org/abitype/-/abitype-1.0.7.tgz",
      "integrity": "sha512-ZfYYSktDQUwc2eduYu8C4wOs+RDPmnRYMh7zNfzeMtGGgb0U+6tLGjixUic6mXf5xKKCcgT5Qp6cv39tOARVFw==",
      "license": "MIT",
      "funding": {
        "url": "https://github.com/sponsors/wevm"
      },
      "peerDependencies": {
        "typescript": ">=5.0.4",
        "zod": "^3 >=3.22.0"
      },
      "peerDependenciesMeta": {
        "typescript": {
          "optional": true
        },
        "zod": {
          "optional": true
        }
      }
    },
    "node_modules/webauthn-p256": {
      "version": "0.0.10",
      "resolved": "https://registry.npmjs.org/webauthn-p256/-/webauthn-p256-0.0.10.tgz",
      "integrity": "sha512-EeYD+gmIT80YkSIDb2iWq0lq2zbHo1CxHlQTeJ+KkCILWpVy3zASH3ByD4bopzfk0uCwXxLqKGLqp2W4O28VFA==",
      "funding": [
        {
          "type": "github",
          "url": "https://github.com/sponsors/wevm"
        }
      ],
      "license": "MIT",
      "dependencies": {
        "@noble/curves": "^1.4.0",
        "@noble/hashes": "^1.4.0"
      }
    },
    "node_modules/ws": {
      "version": "8.18.0",
      "resolved": "https://registry.npmjs.org/ws/-/ws-8.18.0.tgz",
      "integrity": "sha512-8VbfWfHLbbwu3+N6OKsOMpBdT4kXPDDB9cJk2bJ6mh9ucxdlnNvH1e+roYkKmN9Nxw2yjz7VzeO9oOz2zJ04Pw==",
      "license": "MIT",
      "engines": {
        "node": ">=10.0.0"
      },
      "peerDependencies": {
        "bufferutil": "^4.0.1",
        "utf-8-validate": ">=5.0.2"
      },
      "peerDependenciesMeta": {
        "bufferutil": {
          "optional": true
        },
        "utf-8-validate": {
          "optional": true
        }
      }
    },
    "node_modules/zod": {
      "version": "3.24.1",
      "resolved": "https://registry.npmjs.org/zod/-/zod-3.24.1.tgz",
      "integrity": "sha512-muH7gBL9sI1nciMZV67X5fTKKBLtwpZ5VBp1vsOQzj1MhrBZ4wlVCm3gedKZWLp0Oyel8sIGfeiz54Su+OVT+A==",
      "license": "MIT",
      "funding": {
        "url": "https://github.com/sponsors/colinhacks"
      }
    }
  }
}
